
Microsoft Visual Studio Solution File, Format Version 12.00
# Visual Studio Version 16
VisualStudioVersion = 16.0.30503.244
MinimumVisualStudioVersion = 10.0.40219.1
Project("{FAE04EC0-301F-11D3-BF4B-00C04F79EFBC}") = "AspNetWebAPI", "AspNetWebAPI\AspNetWebAPI.csproj", "{996220DC-2FDC-4455-81DC-BB3BB547743B}"
EndProject
Global
	GlobalSection(SolutionConfigurationPlatforms) = preSolution
		Debug|Any CPU = Debug|Any CPU
		Release|Any CPU = Release|Any CPU
	EndGlobalSection
	GlobalSection(ProjectConfigurationPlatforms) = postSolution
		{996220DC-2FDC-4455-81DC-BB3BB547743B}.Debug|Any CPU.ActiveCfg = Debug|Any CPU
		{996220DC-2FDC-4455-81DC-BB3BB547743B}.Debug|Any CPU.Build.0 = Debug|Any CPU
		{996220DC-2FDC-4455-81DC-BB3BB547743B}.Release|Any CPU.ActiveCfg = Release|Any CPU
		{996220DC-2FDC-4455-81DC-BB3BB547743B}.Release|Any CPU.Build.0 = Release|Any CPU
	EndGlobalSection
	GlobalSection(SolutionProperties) = preSolution
		HideSolutionNode = FALSE
	EndGlobalSection
	GlobalSection(ExtensibilityGlobals) = postSolution
		SolutionGuid = {6261CCA4-F2C0-46C9-B048-CA0074CB2CF7}
	EndGlobalSection
EndGlobal
